
Microsoft Visual Studio Solution File, Format Version 12.00
# Visual Studio Version 17
VisualStudioVersion = 17.0.31611.283
MinimumVisualStudioVersion = 10.0.40219.1
Project("{FAE04EC0-301F-11D3-BF4B-00C04F79EFBC}") = "XGENO.Vocably", "XGENO.Vocably.csproj", "{05512B68-3A5B-4853-8307-477C8DC8098F}"
EndProject
Project("{FAE04EC0-301F-11D3-BF4B-00C04F79EFBC}") = "XGENO.Mobile.Framework", "..\XGENO.Mobile.Framework\XGENO.Mobile.Framework.csproj", "{01A0DB22-15C4-45C5-9C2A-3FD177B21CF7}"
EndProject
Global
	GlobalSection(SolutionConfigurationPlatforms) = preSolution
		Debug|Any CPU = Debug|Any CPU
		Release|Any CPU = Release|Any CPU
	EndGlobalSection
	GlobalSection(ProjectConfigurationPlatforms) = postSolution
		{05512B68-3A5B-4853-8307-477C8DC8098F}.Debug|Any CPU.ActiveCfg = Debug|Any CPU
		{05512B68-3A5B-4853-8307-477C8DC8098F}.Debug|Any CPU.Build.0 = Debug|Any CPU
		{05512B68-3A5B-4853-8307-477C8DC8098F}.Debug|Any CPU.Deploy.0 = Debug|Any CPU
		{05512B68-3A5B-4853-8307-477C8DC8098F}.Release|Any CPU.ActiveCfg = Release|Any CPU
		{05512B68-3A5B-4853-8307-477C8DC8098F}.Release|Any CPU.Build.0 = Release|Any CPU
		{05512B68-3A5B-4853-8307-477C8DC8098F}.Release|Any CPU.Deploy.0 = Release|Any CPU
		{01A0DB22-15C4-45C5-9C2A-3FD177B21CF7}.Debug|Any CPU.ActiveCfg = Debug|Any CPU
		{01A0DB22-15C4-45C5-9C2A-3FD177B21CF7}.Debug|Any CPU.Build.0 = Debug|Any CPU
		{01A0DB22-15C4-45C5-9C2A-3FD177B21CF7}.Release|Any CPU.ActiveCfg = Release|Any CPU
		{01A0DB22-15C4-45C5-9C2A-3FD177B21CF7}.Release|Any CPU.Build.0 = Release|Any CPU
	EndGlobalSection
	GlobalSection(SolutionProperties) = preSolution
		HideSolutionNode = FALSE
	EndGlobalSection
	GlobalSection(ExtensibilityGlobals) = postSolution
		SolutionGuid = {61F7FB11-1E47-470C-91E2-47F8143E1572}
	EndGlobalSection
EndGlobal
